{
  "pins" : [
    {
      "identity" : "webswiftui",
      "kind" : "remoteSourceControl",
      "location" : "https://github.com/yoshiysh/WebSwiftUI",
      "state" : {
        "revision" : "e0744a12be3f7f12a0e1e9d7d6087e115936d7e6",
        "version" : "0.0.6"
      }
    }
  ],
  "version" : 2
}
