{
  "pins" : [
    {
      "identity" : "webswiftui",
      "kind" : "remoteSourceControl",
      "location" : "https://github.com/yoshiysh/WebSwiftUI",
      "state" : {
        "revision" : "fa99d8505782525c051e19b4828a3044f272a554",
        "version" : "0.0.7"
      }
    }
  ],
  "version" : 2
}
